// !$*UTF8*$!
{
	archiveVersion = 1;
	classes = {
	};
	objectVersion = 46;
	objects = {

/* Begin PBXBuildFile section */
		E96F3BA21F67BAB0009CBA87 /* AppDelegate.swift in Sources */ = {isa = PBXBuildFile; fileRef = E96F3BA11F67BAB0009CBA87 /* AppDelegate.swift */; };
		E96F3BA41F67BAB0009CBA87 /* ViewController.swift in Sources */ = {isa = PBXBuildFile; fileRef = E96F3BA31F67BAB0009CBA87 /* ViewController.swift */; };
		E96F3BA71F67BAB0009CBA87 /* Main.storyboard in Resources */ = {isa = PBXBuildFile; fileRef = E96F3BA51F67BAB0009CBA87 /* Main.storyboard */; };
		E96F3BA91F67BAB0009CBA87 /* Assets.xcassets in Resources */ = {isa = PBXBuildFile; fileRef = E96F3BA81F67BAB0009CBA87 /* Assets.xcassets */; };
		E96F3BAC1F67BAB0009CBA87 /* LaunchScreen.storyboard in Resources */ = {isa = PBXBuildFile; fileRef = E96F3BAA1F67BAB0009CBA87 /* LaunchScreen.storyboard */; };
		E96F3BB41F67BB73009CBA87 /* MenuViewController.swift in Sources */ = {isa = PBXBuildFile; fileRef = E96F3BB31F67BB73009CBA87 /* MenuViewController.swift */; };
		E96F3BB61F67BB7F009CBA87 /* CustomTabBarViewController.swift in Sources */ = {isa = PBXBuildFile; fileRef = E96F3BB51F67BB7F009CBA87 /* CustomTabBarViewController.swift */; };
		E9D9AF4A1F682FCD0088098E /* MenuNavController.swift in Sources */ = {isa = PBXBuildFile; fileRef = E9D9AF491F682FCD0088098E /* MenuNavController.swift */; };
		E9D9AF4C1F6831310088098E /* TestViewController.swift in Sources */ = {isa = PBXBuildFile; fileRef = E9D9AF4B1F6831310088098E /* TestViewController.swift */; };
/* End PBXBuildFile section */

/* Begin PBXFileReference section */
		E96F3B9E1F67BAB0009CBA87 /* TabBarDemo.app */ = {isa = PBXFileReference; explicitFileType = wrapper.application; includeInIndex = 0; path = TabBarDemo.app; sourceTree = BUILT_PRODUCTS_DIR; };
		E96F3BA11F67BAB0009CBA87 /* AppDelegate.swift */ = {isa = PBXFileReference; lastKnownFileType = sourcecode.swift; path = AppDelegate.swift; sourceTree = "<group>"; };
		E96F3BA31F67BAB0009CBA87 /* ViewController.swift */ = {isa = PBXFileReference; lastKnownFileType = sourcecode.swift; path = ViewController.swift; sourceTree = "<group>"; };
		E96F3BA61F67BAB0009CBA87 /* Base */ = {isa = PBXFileReference; lastKnownFileType = file.storyboard; name = Base; path = Base.lproj/Main.storyboard; sourceTree = "<group>"; };
		E96F3BA81F67BAB0009CBA87 /* Assets.xcassets */ = {isa = PBXFileReference; lastKnownFileType = folder.assetcatalog; path = Assets.xcassets; sourceTree = "<group>"; };
		E96F3BAB1F67BAB0009CBA87 /* Base */ = {isa = PBXFileReference; lastKnownFileType = file.storyboard; name = Base; path = Base.lproj/LaunchScreen.storyboard; sourceTree = "<group>"; };
		E96F3BAD1F67BAB0009CBA87 /* Info.plist */ = {isa = PBXFileReference; lastKnownFileType = text.plist.xml; path = Info.plist; sourceTree = "<group>"; };
		E96F3BB31F67BB73009CBA87 /* MenuViewController.swift */ = {isa = PBXFileReference; fileEncoding = 4; lastKnownFileType = sourcecode.swift; path = MenuViewController.swift; sourceTree = "<group>"; };
		E96F3BB51F67BB7F009CBA87 /* CustomTabBarViewController.swift */ = {isa = PBXFileReference; fileEncoding = 4; lastKnownFileType = sourcecode.swift; path = CustomTabBarViewController.swift; sourceTree = "<group>"; };
		E9D9AF491F682FCD0088098E /* MenuNavController.swift */ = {isa = PBXFileReference; fileEncoding = 4; lastKnownFileType = sourcecode.swift; path = MenuNavController.swift; sourceTree = "<group>"; };
		E9D9AF4B1F6831310088098E /* TestViewController.swift */ = {isa = PBXFileReference; fileEncoding = 4; lastKnownFileType = sourcecode.swift; path = TestViewController.swift; sourceTree = "<group>"; };
/* End PBXFileReference section */

/* Begin PBXFrameworksBuildPhase section */
		E96F3B9B1F67BAB0009CBA87 /* Frameworks */ = {
			isa = PBXFrameworksBuildPhase;
			buildActionMask = 2147483647;
			files = (
			);
			runOnlyForDeploymentPostprocessing = 0;
		};
/* End PBXFrameworksBuildPhase section */

/* Begin PBXGroup section */
		E96F3B951F67BAB0009CBA87 = {
			isa = PBXGroup;
			children = (
				E96F3BA01F67BAB0009CBA87 /* TabBarDemo */,
				E96F3B9F1F67BAB0009CBA87 /* Products */,
			);
			sourceTree = "<group>";
		};
		E96F3B9F1F67BAB0009CBA87 /* Products */ = {
			isa = PBXGroup;
			children = (
				E96F3B9E1F67BAB0009CBA87 /* TabBarDemo.app */,
			);
			name = Products;
			sourceTree = "<group>";
		};
		E96F3BA01F67BAB0009CBA87 /* TabBarDemo */ = {
			isa = PBXGroup;
			children = (
				E96F3BB51F67BB7F009CBA87 /* CustomTabBarViewController.swift */,
				E96F3BA11F67BAB0009CBA87 /* AppDelegate.swift */,
				E96F3BA31F67BAB0009CBA87 /* ViewController.swift */,
				E96F3BA51F67BAB0009CBA87 /* Main.storyboard */,
				E96F3BA81F67BAB0009CBA87 /* Assets.xcassets */,
				E96F3BAA1F67BAB0009CBA87 /* LaunchScreen.storyboard */,
				E96F3BAD1F67BAB0009CBA87 /* Info.plist */,
				E96F3BB31F67BB73009CBA87 /* MenuViewController.swift */,
				E9D9AF491F682FCD0088098E /* MenuNavController.swift */,
				E9D9AF4B1F6831310088098E /* TestViewController.swift */,
			);
			path = TabBarDemo;
			sourceTree = "<group>";
		};
/* End PBXGroup section */

/* Begin PBXNativeTarget section */
		E96F3B9D1F67BAB0009CBA87 /* TabBarDemo */ = {
			isa = PBXNativeTarget;
			buildConfigurationList = E96F3BB01F67BAB0009CBA87 /* Build configuration list for PBXNativeTarget "TabBarDemo" */;
			buildPhases = (
				E96F3B9A1F67BAB0009CBA87 /* Sources */,
				E96F3B9B1F67BAB0009CBA87 /* Frameworks */,
				E96F3B9C1F67BAB0009CBA87 /* Resources */,
			);
			buildRules = (
			);
			dependencies = (
			);
			name = TabBarDemo;
			productName = TabBarDemo;
			productReference = E96F3B9E1F67BAB0009CBA87 /* TabBarDemo.app */;
			productType = "com.apple.product-type.application";
		};
/* End PBXNativeTarget section */

/* Begin PBXProject section */
		E96F3B961F67BAB0009CBA87 /* Project object */ = {
			isa = PBXProject;
			attributes = {
				LastSwiftUpdateCheck = 0820;
				LastUpgradeCheck = 0820;
				ORGANIZATIONNAME = webwerks;
				TargetAttributes = {
					E96F3B9D1F67BAB0009CBA87 = {
						CreatedOnToolsVersion = 8.2.1;
						ProvisioningStyle = Automatic;
					};
				};
			};
			buildConfigurationList = E96F3B991F67BAB0009CBA87 /* Build configuration list for PBXProject "TabBarDemo" */;
			compatibilityVersion = "Xcode 3.2";
			developmentRegion = English;
			hasScannedForEncodings = 0;
			knownRegions = (
				en,
				Base,
			);
			mainGroup = E96F3B951F67BAB0009CBA87;
			productRefGroup = E96F3B9F1F67BAB0009CBA87 /* Products */;
			projectDirPath = "";
			projectRoot = "";
			targets = (
				E96F3B9D1F67BAB0009CBA87 /* TabBarDemo */,
			);
		};
/* End PBXProject section */

/* Begin PBXResourcesBuildPhase section */
		E96F3B9C1F67BAB0009CBA87 /* Resources */ = {
			isa = PBXResourcesBuildPhase;
			buildActionMask = 2147483647;
			files = (
				E96F3BAC1F67BAB0009CBA87 /* LaunchScreen.storyboard in Resources */,
				E96F3BA91F67BAB0009CBA87 /* Assets.xcassets in Resources */,
				E96F3BA71F67BAB0009CBA87 /* Main.storyboard in Resources */,
			);
			runOnlyForDeploymentPostprocessing = 0;
		};
/* End PBXResourcesBuildPhase section */

/* Begin PBXSourcesBuildPhase section */
		E96F3B9A1F67BAB0009CBA87 /* Sources */ = {
			isa = PBXSourcesBuildPhase;
			buildActionMask = 2147483647;
			files = (
				E9D9AF4A1F682FCD0088098E /* MenuNavController.swift in Sources */,
				E96F3BA41F67BAB0009CBA87 /* ViewController.swift in Sources */,
				E96F3BB41F67BB73009CBA87 /* MenuViewController.swift in Sources */,
				E96F3BB61F67BB7F009CBA87 /* CustomTabBarViewController.swift in Sources */,
				E9D9AF4C1F6831310088098E /* TestViewController.swift in Sources */,
				E96F3BA21F67BAB0009CBA87 /* AppDelegate.swift in Sources */,
			);
			runOnlyForDeploymentPostprocessing = 0;
		};
/* End PBXSourcesBuildPhase section */

/* Begin PBXVariantGroup section */
		E96F3BA51F67BAB0009CBA87 /* Main.storyboard */ = {
			isa = PBXVariantGroup;
			children = (
				E96F3BA61F67BAB0009CBA87 /* Base */,
			);
			name = Main.storyboard;
			sourceTree = "<group>";
		};
		E96F3BAA1F67BAB0009CBA87 /* LaunchScreen.storyboard */ = {
			isa = PBXVariantGroup;
			children = (
				E96F3BAB1F67BAB0009CBA87 /* Base */,
			);
			name = LaunchScreen.storyboard;
			sourceTree = "<group>";
		};
/* End PBXVariantGroup section */

/* Begin XCBuildConfiguration section */
		E96F3BAE1F67BAB0009CBA87 /* Debug */ = {
			isa = XCBuildConfiguration;
			buildSettings = {
				ALWAYS_SEARCH_USER_PATHS = NO;
				CLANG_ANALYZER_NONNULL = YES;
				CLANG_CXX_LANGUAGE_STANDARD = "gnu++0x";
				CLANG_CXX_LIBRARY = "libc++";
				CLANG_ENABLE_MODULES = YES;
				CLANG_ENABLE_OBJC_ARC = YES;
				CLANG_WARN_BOOL_CONVERSION = YES;
				CLANG_WARN_CONSTANT_CONVERSION = YES;
				CLANG_WARN_DIRECT_OBJC_ISA_USAGE = YES_ERROR;
				CLANG_WARN_DOCUMENTATION_COMMENTS = YES;
				CLANG_WARN_EMPTY_BODY = YES;
				CLANG_WARN_ENUM_CONVERSION = YES;
				CLANG_WARN_INFINITE_RECURSION = YES;
				CLANG_WARN_INT_CONVERSION = YES;
				CLANG_WARN_OBJC_ROOT_CLASS = YES_ERROR;
				CLANG_WARN_SUSPICIOUS_MOVE = YES;
				CLANG_WARN_UNREACHABLE_CODE = YES;
				CLANG_WARN__DUPLICATE_METHOD_MATCH = YES;
				"CODE_SIGN_IDENTITY[sdk=iphoneos*]" = "iPhone Developer";
				COPY_PHASE_STRIP = NO;
				DEBUG_INFORMATION_FORMAT = dwarf;
				ENABLE_STRICT_OBJC_MSGSEND = YES;
				ENABLE_TESTABILITY = YES;
				GCC_C_LANGUAGE_STANDARD = gnu99;
				GCC_DYNAMIC_NO_PIC = NO;
				GCC_NO_COMMON_BLOCKS = YES;
				GCC_OPTIMIZATION_LEVEL = 0;
				GCC_PREPROCESSOR_DEFINITIONS = (
					"DEBUG=1",
					"$(inherited)",
				);
				GCC_WARN_64_TO_32_BIT_CONVERSION = YES;
				GCC_WARN_ABOUT_RETURN_TYPE = YES_ERROR;
				GCC_WARN_UNDECLARED_SELECTOR = YES;
				GCC_WARN_UNINITIALIZED_AUTOS = YES_AGGRESSIVE;
				GCC_WARN_UNUSED_FUNCTION = YES;
				GCC_WARN_UNUSED_VARIABLE = YES;
				IPHONEOS_DEPLOYMENT_TARGET = 10.2;
				MTL_ENABLE_DEBUG_INFO = YES;
				ONLY_ACTIVE_ARCH = YES;
				SDKROOT = iphoneos;
				SWIFT_ACTIVE_COMPILATION_CONDITIONS = DEBUG;
				SWIFT_OPTIMIZATION_LEVEL = "-Onone";
			};
			name = Debug;
		};
		E96F3BAF1F67BAB0009CBA87 /* Release */ = {
			isa = XCBuildConfiguration;
			buildSettings = {
				ALWAYS_SEARCH_USER_PATHS = NO;
				CLANG_ANALYZER_NONNULL = YES;
				CLANG_CXX_LANGUAGE_STANDARD = "gnu++0x";
				CLANG_CXX_LIBRARY = "libc++";
				CLANG_ENABLE_MODULES = YES;
				CLANG_ENABLE_OBJC_ARC = YES;
				CLANG_WARN_BOOL_CONVERSION = YES;
				CLANG_WARN_CONSTANT_CONVERSION = YES;
				CLANG_WARN_DIRECT_OBJC_ISA_USAGE = YES_ERROR;
				CLANG_WARN_DOCUMENTATION_COMMENTS = YES;
				CLANG_WARN_EMPTY_BODY = YES;
				CLANG_WARN_ENUM_CONVERSION = YES;
				CLANG_WARN_INFINITE_RECURSION = YES;
				CLANG_WARN_INT_CONVERSION = YES;
				CLANG_WARN_OBJC_ROOT_CLASS = YES_ERROR;
				CLANG_WARN_SUSPICIOUS_MOVE = YES;
				CLANG_WARN_UNREACHABLE_CODE = YES;
				CLANG_WARN__DUPLICATE_METHOD_MATCH = YES;
				"CODE_SIGN_IDENTITY[sdk=iphoneos*]" = "iPhone Developer";
				COPY_PHASE_STRIP = NO;
				DEBUG_INFORMATION_FORMAT = "dwarf-with-dsym";
				ENABLE_NS_ASSERTIONS = NO;
				ENABLE_STRICT_OBJC_MSGSEND = YES;
				GCC_C_LANGUAGE_STANDARD = gnu99;
				GCC_NO_COMMON_BLOCKS = YES;
				GCC_WARN_64_TO_32_BIT_CONVERSION = YES;
				GCC_WARN_ABOUT_RETURN_TYPE = YES_ERROR;
				GCC_WARN_UNDECLARED_SELECTOR = YES;
				GCC_WARN_UNINITIALIZED_AUTOS = YES_AGGRESSIVE;
				GCC_WARN_UNUSED_FUNCTION = YES;
				GCC_WARN_UNUSED_VARIABLE = YES;
				IPHONEOS_DEPLOYMENT_TARGET = 10.2;
				MTL_ENABLE_DEBUG_INFO = NO;
				SDKROOT = iphoneos;
				SWIFT_OPTIMIZATION_LEVEL = "-Owholemodule";
				VALIDATE_PRODUCT = YES;
			};
			name = Release;
		};
		E96F3BB11F67BAB0009CBA87 /* Debug */ = {
			isa = XCBuildConfiguration;
			buildSettings = {
				ASSETCATALOG_COMPILER_APPICON_NAME = AppIcon;
				INFOPLIST_FILE = TabBarDemo/Info.plist;
				LD_RUNPATH_SEARCH_PATHS = "$(inherited) @executable_path/Frameworks";
				PRODUCT_BUNDLE_IDENTIFIER = Neosoft.TabBarDemo;
				PRODUCT_NAME = "$(TARGET_NAME)";
				SWIFT_VERSION = 3.0;
			};
			name = Debug;
		};
		E96F3BB21F67BAB0009CBA87 /* Release */ = {
			isa = XCBuildConfiguration;
			buildSettings = {
				ASSETCATALOG_COMPILER_APPICON_NAME = AppIcon;
				INFOPLIST_FILE = TabBarDemo/Info.plist;
				LD_RUNPATH_SEARCH_PATHS = "$(inherited) @executable_path/Frameworks";
				PRODUCT_BUNDLE_IDENTIFIER = Neosoft.TabBarDemo;
				PRODUCT_NAME = "$(TARGET_NAME)";
				SWIFT_VERSION = 3.0;
			};
			name = Release;
		};
/* End XCBuildConfiguration section */

/* Begin XCConfigurationList section */
		E96F3B991F67BAB0009CBA87 /* Build configuration list for PBXProject "TabBarDemo" */ = {
			isa = XCConfigurationList;
			buildConfigurations = (
				E96F3BAE1F67BAB0009CBA87 /* Debug */,
				E96F3BAF1F67BAB0009CBA87 /* Release */,
			);
			defaultConfigurationIsVisible = 0;
			defaultConfigurationName = Release;
		};
		E96F3BB01F67BAB0009CBA87 /* Build configuration list for PBXNativeTarget "TabBarDemo" */ = {
			isa = XCConfigurationList;
			buildConfigurations = (
				E96F3BB11F67BAB0009CBA87 /* Debug */,
				E96F3BB21F67BAB0009CBA87 /* Release */,
			);
			defaultConfigurationIsVisible = 0;
			defaultConfigurationName = Release;
		};
/* End XCConfigurationList section */
	};
	rootObject = E96F3B961F67BAB0009CBA87 /* Project object */;
}
